{
  "name": "tree-practices",
  "version": "0.1.0",
  "lockfileVersion": 2,
  "requires": true,
  "packages": {
    "": {
      "name": "tree-practices",
      "version": "0.1.0",
      "license": "ISC",
      "devDependencies": {
        "prettier": "^2.6.2",
        "prettier-config-freee": "1.1.0",
        "tsconfig-freee": "0.1.2",
        "typescript": "^4.6.3"
      }
    },
    "node_modules/prettier": {
      "version": "2.6.2",
      "resolved": "https://registry.npmjs.org/prettier/-/prettier-2.6.2.tgz",
      "integrity": "sha512-PkUpF+qoXTqhOeWL9fu7As8LXsIUZ1WYaJiY/a7McAQzxjk82OF0tibkFXVCDImZtWxbvojFjerkiLb0/q8mew==",
      "dev": true,
      "bin": {
        "prettier": "bin-prettier.js"
      },
      "engines": {
        "node": ">=10.13.0"
      },
      "funding": {
        "url": "https://github.com/prettier/prettier?sponsor=1"
      }
    },
    "node_modules/prettier-config-freee": {
      "version": "1.1.0",
      "resolved": "https://registry.npmjs.org/prettier-config-freee/-/prettier-config-freee-1.1.0.tgz",
      "integrity": "sha512-vDxdP7nHDXLusxCCb8odUeGx7TcZgBm4IOVnUfSnTcoukl0b8c9YGf//nBgGuM8EK7/XgQsX6GDv6n6yi+ApUQ==",
      "dev": true
    },
    "node_modules/tsconfig-freee": {
      "version": "0.1.2",
      "resolved": "https://registry.npmjs.org/tsconfig-freee/-/tsconfig-freee-0.1.2.tgz",
      "integrity": "sha512-8f7qqgRBVtbftCT/ZXAHXFJWZ6phbTuxyw7MQtkgY0dh8k6NqLGsQH3+Vm67UddPEbu7bg2bz7xjP8QjZ9y1TA==",
      "dev": true,
      "peerDependencies": {
        "typescript": "^3.6.5 || ^4.0.3"
      }
    },
    "node_modules/typescript": {
      "version": "4.6.3",
      "resolved": "https://registry.npmjs.org/typescript/-/typescript-4.6.3.tgz",
      "integrity": "sha512-yNIatDa5iaofVozS/uQJEl3JRWLKKGJKh6Yaiv0GLGSuhpFJe7P3SbHZ8/yjAHRQwKRoA6YZqlfjXWmVzoVSMw==",
      "dev": true,
      "bin": {
        "tsc": "bin/tsc",
        "tsserver": "bin/tsserver"
      },
      "engines": {
        "node": ">=4.2.0"
      }
    }
  },
  "dependencies": {
    "prettier": {
      "version": "2.6.2",
      "resolved": "https://registry.npmjs.org/prettier/-/prettier-2.6.2.tgz",
      "integrity": "sha512-PkUpF+qoXTqhOeWL9fu7As8LXsIUZ1WYaJiY/a7McAQzxjk82OF0tibkFXVCDImZtWxbvojFjerkiLb0/q8mew==",
      "dev": true
    },
    "prettier-config-freee": {
      "version": "1.1.0",
      "resolved": "https://registry.npmjs.org/prettier-config-freee/-/prettier-config-freee-1.1.0.tgz",
      "integrity": "sha512-vDxdP7nHDXLusxCCb8odUeGx7TcZgBm4IOVnUfSnTcoukl0b8c9YGf//nBgGuM8EK7/XgQsX6GDv6n6yi+ApUQ==",
      "dev": true
    },
    "tsconfig-freee": {
      "version": "0.1.2",
      "resolved": "https://registry.npmjs.org/tsconfig-freee/-/tsconfig-freee-0.1.2.tgz",
      "integrity": "sha512-8f7qqgRBVtbftCT/ZXAHXFJWZ6phbTuxyw7MQtkgY0dh8k6NqLGsQH3+Vm67UddPEbu7bg2bz7xjP8QjZ9y1TA==",
      "dev": true,
      "requires": {}
    },
    "typescript": {
      "version": "4.6.3",
      "resolved": "https://registry.npmjs.org/typescript/-/typescript-4.6.3.tgz",
      "integrity": "sha512-yNIatDa5iaofVozS/uQJEl3JRWLKKGJKh6Yaiv0GLGSuhpFJe7P3SbHZ8/yjAHRQwKRoA6YZqlfjXWmVzoVSMw==",
      "dev": true
    }
  }
}
